<?xml version="1.0" encoding="utf-8"?>
<Project ToolsVersion="4.0" xmlns="http://schemas.microsoft.com/developer/msbuild/2003">
  <ItemGroup>
    <Filter Include="Исходные файлы">
      <UniqueIdentifier>{4FC737F1-C7A5-4376-A066-2A32D752A2FF}</UniqueIdentifier>
      <Extensions>cpp;c;cc;cxx;c++;def;odl;idl;hpj;bat;asm;asmx</Extensions>
    </Filter>
    <Filter Include="Файлы заголовков">
      <UniqueIdentifier>{93995380-89BD-4b04-88EB-625FBE52EBFB}</UniqueIdentifier>
      <Extensions>h;hh;hpp;hxx;h++;hm;inl;inc;ipp;xsd</Extensions>
    </Filter>
    <Filter Include="Файлы ресурсов">
      <UniqueIdentifier>{67DA6AB6-F800-4c08-8B7A-83BB121AAD01}</UniqueIdentifier>
      <Extensions>rc;ico;cur;bmp;dlg;rc2;rct;bin;rgs;gif;jpg;jpeg;jpe;resx;tiff;tif;png;wav;mfcribbon-ms</Extensions>
    </Filter>
    <Filter Include="Файлы заголовков\ListTemplate">
      <UniqueIdentifier>{efc74dfd-d1ca-4de7-9ebc-dec495c55d31}</UniqueIdentifier>
    </Filter>
    <Filter Include="Файлы заголовков\MainLib">
      <UniqueIdentifier>{5d533016-f35c-4934-aff5-9a639789112c}</UniqueIdentifier>
    </Filter>
  </ItemGroup>
  <ItemGroup>
    <ClInclude Include="TList1Elem.h">
      <Filter>Файлы заголовков\ListTemplate</Filter>
    </ClInclude>
    <ClInclude Include="TList1Reliz.h">
      <Filter>Файлы заголовков\ListTemplate</Filter>
    </ClInclude>
    <ClInclude Include="ScientificBook.h">
      <Filter>Файлы заголовков\MainLib</Filter>
    </ClInclude>
    <ClInclude Include="ScientificLibraryHall.h">
      <Filter>Файлы заголовков\MainLib</Filter>
    </ClInclude>
    <ClInclude Include="ScientificLibrary.h">
      <Filter>Файлы заголовков\MainLib</Filter>
    </ClInclude>
  </ItemGroup>
  <ItemGroup>
    <ClCompile Include="MainLib.cpp">
      <Filter>Файлы заголовков\MainLib</Filter>
    </ClCompile>
  </ItemGroup>
</Project>